# This file is automatically @generated by Cargo.
# It is not intended for manual editing.
[[package]]
name = "cstr-macro"
version = "0.1.0"
source = "registry+https://github.com/rust-lang/crates.io-index"

[[package]]
name = "metamod-sys"
version = "0.0.1"
dependencies = [
 "cstr-macro 0.1.0 (registry+https://github.com/rust-lang/crates.io-index)",
]

[metadata]
"checksum cstr-macro 0.1.0 (registry+https://github.com/rust-lang/crates.io-index)" = "db53fddba18cdd35477a7213a3ef6acfbfa333c31b42ce019e544c4a1420a06f"
